// !$*UTF8*$!
{
	archiveVersion = 1;
	classes = {
	};
	objectVersion = 46;
	objects = {

/* Begin PBXBuildFile section */
		037C6E851AE684B200BE4193 /* AppDelegate.swift in Sources */ = {isa = PBXBuildFile; fileRef = 037C6E841AE684B200BE4193 /* AppDelegate.swift */; };
		037C6E871AE684B200BE4193 /* ViewController.swift in Sources */ = {isa = PBXBuildFile; fileRef = 037C6E861AE684B200BE4193 /* ViewController.swift */; };
		037C6E8A1AE684B200BE4193 /* Main.storyboard in Resources */ = {isa = PBXBuildFile; fileRef = 037C6E881AE684B200BE4193 /* Main.storyboard */; };
		037C6E8C1AE684B200BE4193 /* Images.xcassets in Resources */ = {isa = PBXBuildFile; fileRef = 037C6E8B1AE684B200BE4193 /* Images.xcassets */; };
		037C6E8F1AE684B200BE4193 /* LaunchScreen.xib in Resources */ = {isa = PBXBuildFile; fileRef = 037C6E8D1AE684B200BE4193 /* LaunchScreen.xib */; };
		037C6E9B1AE684B200BE4193 /* CProgressViewTests.swift in Sources */ = {isa = PBXBuildFile; fileRef = 037C6E9A1AE684B200BE4193 /* CProgressViewTests.swift */; };
/* End PBXBuildFile section */

/* Begin PBXContainerItemProxy section */
		037C6E951AE684B200BE4193 /* PBXContainerItemProxy */ = {
			isa = PBXContainerItemProxy;
			containerPortal = 037C6E771AE684B200BE4193 /* Project object */;
			proxyType = 1;
			remoteGlobalIDString = 037C6E7E1AE684B200BE4193;
			remoteInfo = CProgressView;
		};
/* End PBXContainerItemProxy section */

/* Begin PBXFileReference section */
		037C6E7F1AE684B200BE4193 /* CProgressView.app */ = {isa = PBXFileReference; explicitFileType = wrapper.application; includeInIndex = 0; path = CProgressView.app; sourceTree = BUILT_PRODUCTS_DIR; };
		037C6E831AE684B200BE4193 /* Info.plist */ = {isa = PBXFileReference; lastKnownFileType = text.plist.xml; path = Info.plist; sourceTree = "<group>"; };
		037C6E841AE684B200BE4193 /* AppDelegate.swift */ = {isa = PBXFileReference; lastKnownFileType = sourcecode.swift; path = AppDelegate.swift; sourceTree = "<group>"; };
		037C6E861AE684B200BE4193 /* ViewController.swift */ = {isa = PBXFileReference; lastKnownFileType = sourcecode.swift; path = ViewController.swift; sourceTree = "<group>"; };
		037C6E891AE684B200BE4193 /* Base */ = {isa = PBXFileReference; lastKnownFileType = file.storyboard; name = Base; path = Base.lproj/Main.storyboard; sourceTree = "<group>"; };
		037C6E8B1AE684B200BE4193 /* Images.xcassets */ = {isa = PBXFileReference; lastKnownFileType = folder.assetcatalog; path = Images.xcassets; sourceTree = "<group>"; };
		037C6E8E1AE684B200BE4193 /* Base */ = {isa = PBXFileReference; lastKnownFileType = file.xib; name = Base; path = Base.lproj/LaunchScreen.xib; sourceTree = "<group>"; };
		037C6E941AE684B200BE4193 /* CProgressViewTests.xctest */ = {isa = PBXFileReference; explicitFileType = wrapper.cfbundle; includeInIndex = 0; path = CProgressViewTests.xctest; sourceTree = BUILT_PRODUCTS_DIR; };
		037C6E991AE684B200BE4193 /* Info.plist */ = {isa = PBXFileReference; lastKnownFileType = text.plist.xml; path = Info.plist; sourceTree = "<group>"; };
		037C6E9A1AE684B200BE4193 /* CProgressViewTests.swift */ = {isa = PBXFileReference; lastKnownFileType = sourcecode.swift; path = CProgressViewTests.swift; sourceTree = "<group>"; };
/* End PBXFileReference section */

/* Begin PBXFrameworksBuildPhase section */
		037C6E7C1AE684B200BE4193 /* Frameworks */ = {
			isa = PBXFrameworksBuildPhase;
			buildActionMask = 2147483647;
			files = (
			);
			runOnlyForDeploymentPostprocessing = 0;
		};
		037C6E911AE684B200BE4193 /* Frameworks */ = {
			isa = PBXFrameworksBuildPhase;
			buildActionMask = 2147483647;
			files = (
			);
			runOnlyForDeploymentPostprocessing = 0;
		};
/* End PBXFrameworksBuildPhase section */

/* Begin PBXGroup section */
		037C6E761AE684B200BE4193 = {
			isa = PBXGroup;
			children = (
				037C6E811AE684B200BE4193 /* CProgressView */,
				037C6E971AE684B200BE4193 /* CProgressViewTests */,
				037C6E801AE684B200BE4193 /* Products */,
			);
			sourceTree = "<group>";
		};
		037C6E801AE684B200BE4193 /* Products */ = {
			isa = PBXGroup;
			children = (
				037C6E7F1AE684B200BE4193 /* CProgressView.app */,
				037C6E941AE684B200BE4193 /* CProgressViewTests.xctest */,
			);
			name = Products;
			sourceTree = "<group>";
		};
		037C6E811AE684B200BE4193 /* CProgressView */ = {
			isa = PBXGroup;
			children = (
				037C6E841AE684B200BE4193 /* AppDelegate.swift */,
				037C6E861AE684B200BE4193 /* ViewController.swift */,
				037C6E881AE684B200BE4193 /* Main.storyboard */,
				037C6E8B1AE684B200BE4193 /* Images.xcassets */,
				037C6E8D1AE684B200BE4193 /* LaunchScreen.xib */,
				037C6E821AE684B200BE4193 /* Supporting Files */,
			);
			path = CProgressView;
			sourceTree = "<group>";
		};
		037C6E821AE684B200BE4193 /* Supporting Files */ = {
			isa = PBXGroup;
			children = (
				037C6E831AE684B200BE4193 /* Info.plist */,
			);
			name = "Supporting Files";
			sourceTree = "<group>";
		};
		037C6E971AE684B200BE4193 /* CProgressViewTests */ = {
			isa = PBXGroup;
			children = (
				037C6E9A1AE684B200BE4193 /* CProgressViewTests.swift */,
				037C6E981AE684B200BE4193 /* Supporting Files */,
			);
			path = CProgressViewTests;
			sourceTree = "<group>";
		};
		037C6E981AE684B200BE4193 /* Supporting Files */ = {
			isa = PBXGroup;
			children = (
				037C6E991AE684B200BE4193 /* Info.plist */,
			);
			name = "Supporting Files";
			sourceTree = "<group>";
		};
/* End PBXGroup section */

/* Begin PBXNativeTarget section */
		037C6E7E1AE684B200BE4193 /* CProgressView */ = {
			isa = PBXNativeTarget;
			buildConfigurationList = 037C6E9E1AE684B200BE4193 /* Build configuration list for PBXNativeTarget "CProgressView" */;
			buildPhases = (
				037C6E7B1AE684B200BE4193 /* Sources */,
				037C6E7C1AE684B200BE4193 /* Frameworks */,
				037C6E7D1AE684B200BE4193 /* Resources */,
			);
			buildRules = (
			);
			dependencies = (
			);
			name = CProgressView;
			productName = CProgressView;
			productReference = 037C6E7F1AE684B200BE4193 /* CProgressView.app */;
			productType = "com.apple.product-type.application";
		};
		037C6E931AE684B200BE4193 /* CProgressViewTests */ = {
			isa = PBXNativeTarget;
			buildConfigurationList = 037C6EA11AE684B200BE4193 /* Build configuration list for PBXNativeTarget "CProgressViewTests" */;
			buildPhases = (
				037C6E901AE684B200BE4193 /* Sources */,
				037C6E911AE684B200BE4193 /* Frameworks */,
				037C6E921AE684B200BE4193 /* Resources */,
			);
			buildRules = (
			);
			dependencies = (
				037C6E961AE684B200BE4193 /* PBXTargetDependency */,
			);
			name = CProgressViewTests;
			productName = CProgressViewTests;
			productReference = 037C6E941AE684B200BE4193 /* CProgressViewTests.xctest */;
			productType = "com.apple.product-type.bundle.unit-test";
		};
/* End PBXNativeTarget section */

/* Begin PBXProject section */
		037C6E771AE684B200BE4193 /* Project object */ = {
			isa = PBXProject;
			attributes = {
				LastUpgradeCheck = 0630;
				ORGANIZATIONNAME = "Sebastian Trześniewski";
				TargetAttributes = {
					037C6E7E1AE684B200BE4193 = {
						CreatedOnToolsVersion = 6.3;
					};
					037C6E931AE684B200BE4193 = {
						CreatedOnToolsVersion = 6.3;
						TestTargetID = 037C6E7E1AE684B200BE4193;
					};
				};
			};
			buildConfigurationList = 037C6E7A1AE684B200BE4193 /* Build configuration list for PBXProject "CProgressView" */;
			compatibilityVersion = "Xcode 3.2";
			developmentRegion = English;
			hasScannedForEncodings = 0;
			knownRegions = (
				en,
				Base,
			);
			mainGroup = 037C6E761AE684B200BE4193;
			productRefGroup = 037C6E801AE684B200BE4193 /* Products */;
			projectDirPath = "";
			projectRoot = "";
			targets = (
				037C6E7E1AE684B200BE4193 /* CProgressView */,
				037C6E931AE684B200BE4193 /* CProgressViewTests */,
			);
		};
/* End PBXProject section */

/* Begin PBXResourcesBuildPhase section */
		037C6E7D1AE684B200BE4193 /* Resources */ = {
			isa = PBXResourcesBuildPhase;
			buildActionMask = 2147483647;
			files = (
				037C6E8A1AE684B200BE4193 /* Main.storyboard in Resources */,
				037C6E8F1AE684B200BE4193 /* LaunchScreen.xib in Resources */,
				037C6E8C1AE684B200BE4193 /* Images.xcassets in Resources */,
			);
			runOnlyForDeploymentPostprocessing = 0;
		};
		037C6E921AE684B200BE4193 /* Resources */ = {
			isa = PBXResourcesBuildPhase;
			buildActionMask = 2147483647;
			files = (
			);
			runOnlyForDeploymentPostprocessing = 0;
		};
/* End PBXResourcesBuildPhase section */

/* Begin PBXSourcesBuildPhase section */
		037C6E7B1AE684B200BE4193 /* Sources */ = {
			isa = PBXSourcesBuildPhase;
			buildActionMask = 2147483647;
			files = (
				037C6E871AE684B200BE4193 /* ViewController.swift in Sources */,
				037C6E851AE684B200BE4193 /* AppDelegate.swift in Sources */,
			);
			runOnlyForDeploymentPostprocessing = 0;
		};
		037C6E901AE684B200BE4193 /* Sources */ = {
			isa = PBXSourcesBuildPhase;
			buildActionMask = 2147483647;
			files = (
				037C6E9B1AE684B200BE4193 /* CProgressViewTests.swift in Sources */,
			);
			runOnlyForDeploymentPostprocessing = 0;
		};
/* End PBXSourcesBuildPhase section */

/* Begin PBXTargetDependency section */
		037C6E961AE684B200BE4193 /* PBXTargetDependency */ = {
			isa = PBXTargetDependency;
			target = 037C6E7E1AE684B200BE4193 /* CProgressView */;
			targetProxy = 037C6E951AE684B200BE4193 /* PBXContainerItemProxy */;
		};
/* End PBXTargetDependency section */

/* Begin PBXVariantGroup section */
		037C6E881AE684B200BE4193 /* Main.storyboard */ = {
			isa = PBXVariantGroup;
			children = (
				037C6E891AE684B200BE4193 /* Base */,
			);
			name = Main.storyboard;
			sourceTree = "<group>";
		};
		037C6E8D1AE684B200BE4193 /* LaunchScreen.xib */ = {
			isa = PBXVariantGroup;
			children = (
				037C6E8E1AE684B200BE4193 /* Base */,
			);
			name = LaunchScreen.xib;
			sourceTree = "<group>";
		};
/* End PBXVariantGroup section */

/* Begin XCBuildConfiguration section */
		037C6E9C1AE684B200BE4193 /* Debug */ = {
			isa = XCBuildConfiguration;
			buildSettings = {
				ALWAYS_SEARCH_USER_PATHS = NO;
				CLANG_CXX_LANGUAGE_STANDARD = "gnu++0x";
				CLANG_CXX_LIBRARY = "libc++";
				CLANG_ENABLE_MODULES = YES;
				CLANG_ENABLE_OBJC_ARC = YES;
				CLANG_WARN_BOOL_CONVERSION = YES;
				CLANG_WARN_CONSTANT_CONVERSION = YES;
				CLANG_WARN_DIRECT_OBJC_ISA_USAGE = YES_ERROR;
				CLANG_WARN_EMPTY_BODY = YES;
				CLANG_WARN_ENUM_CONVERSION = YES;
				CLANG_WARN_INT_CONVERSION = YES;
				CLANG_WARN_OBJC_ROOT_CLASS = YES_ERROR;
				CLANG_WARN_UNREACHABLE_CODE = YES;
				CLANG_WARN__DUPLICATE_METHOD_MATCH = YES;
				"CODE_SIGN_IDENTITY[sdk=iphoneos*]" = "iPhone Developer";
				COPY_PHASE_STRIP = NO;
				DEBUG_INFORMATION_FORMAT = "dwarf-with-dsym";
				ENABLE_STRICT_OBJC_MSGSEND = YES;
				GCC_C_LANGUAGE_STANDARD = gnu99;
				GCC_DYNAMIC_NO_PIC = NO;
				GCC_NO_COMMON_BLOCKS = YES;
				GCC_OPTIMIZATION_LEVEL = 0;
				GCC_PREPROCESSOR_DEFINITIONS = (
					"DEBUG=1",
					"$(inherited)",
				);
				GCC_SYMBOLS_PRIVATE_EXTERN = NO;
				GCC_WARN_64_TO_32_BIT_CONVERSION = YES;
				GCC_WARN_ABOUT_RETURN_TYPE = YES_ERROR;
				GCC_WARN_UNDECLARED_SELECTOR = YES;
				GCC_WARN_UNINITIALIZED_AUTOS = YES_AGGRESSIVE;
				GCC_WARN_UNUSED_FUNCTION = YES;
				GCC_WARN_UNUSED_VARIABLE = YES;
				IPHONEOS_DEPLOYMENT_TARGET = 8.3;
				MTL_ENABLE_DEBUG_INFO = YES;
				ONLY_ACTIVE_ARCH = YES;
				SDKROOT = iphoneos;
				SWIFT_OPTIMIZATION_LEVEL = "-Onone";
			};
			name = Debug;
		};
		037C6E9D1AE684B200BE4193 /* Release */ = {
			isa = XCBuildConfiguration;
			buildSettings = {
				ALWAYS_SEARCH_USER_PATHS = NO;
				CLANG_CXX_LANGUAGE_STANDARD = "gnu++0x";
				CLANG_CXX_LIBRARY = "libc++";
				CLANG_ENABLE_MODULES = YES;
				CLANG_ENABLE_OBJC_ARC = YES;
				CLANG_WARN_BOOL_CONVERSION = YES;
				CLANG_WARN_CONSTANT_CONVERSION = YES;
				CLANG_WARN_DIRECT_OBJC_ISA_USAGE = YES_ERROR;
				CLANG_WARN_EMPTY_BODY = YES;
				CLANG_WARN_ENUM_CONVERSION = YES;
				CLANG_WARN_INT_CONVERSION = YES;
				CLANG_WARN_OBJC_ROOT_CLASS = YES_ERROR;
				CLANG_WARN_UNREACHABLE_CODE = YES;
				CLANG_WARN__DUPLICATE_METHOD_MATCH = YES;
				"CODE_SIGN_IDENTITY[sdk=iphoneos*]" = "iPhone Developer";
				COPY_PHASE_STRIP = NO;
				DEBUG_INFORMATION_FORMAT = "dwarf-with-dsym";
				ENABLE_NS_ASSERTIONS = NO;
				ENABLE_STRICT_OBJC_MSGSEND = YES;
				GCC_C_LANGUAGE_STANDARD = gnu99;
				GCC_NO_COMMON_BLOCKS = YES;
				GCC_WARN_64_TO_32_BIT_CONVERSION = YES;
				GCC_WARN_ABOUT_RETURN_TYPE = YES_ERROR;
				GCC_WARN_UNDECLARED_SELECTOR = YES;
				GCC_WARN_UNINITIALIZED_AUTOS = YES_AGGRESSIVE;
				GCC_WARN_UNUSED_FUNCTION = YES;
				GCC_WARN_UNUSED_VARIABLE = YES;
				IPHONEOS_DEPLOYMENT_TARGET = 8.3;
				MTL_ENABLE_DEBUG_INFO = NO;
				SDKROOT = iphoneos;
				VALIDATE_PRODUCT = YES;
			};
			name = Release;
		};
		037C6E9F1AE684B200BE4193 /* Debug */ = {
			isa = XCBuildConfiguration;
			buildSettings = {
				ASSETCATALOG_COMPILER_APPICON_NAME = AppIcon;
				INFOPLIST_FILE = CProgressView/Info.plist;
				LD_RUNPATH_SEARCH_PATHS = "$(inherited) @executable_path/Frameworks";
				PRODUCT_NAME = "$(TARGET_NAME)";
			};
			name = Debug;
		};
		037C6EA01AE684B200BE4193 /* Release */ = {
			isa = XCBuildConfiguration;
			buildSettings = {
				ASSETCATALOG_COMPILER_APPICON_NAME = AppIcon;
				INFOPLIST_FILE = CProgressView/Info.plist;
				LD_RUNPATH_SEARCH_PATHS = "$(inherited) @executable_path/Frameworks";
				PRODUCT_NAME = "$(TARGET_NAME)";
			};
			name = Release;
		};
		037C6EA21AE684B200BE4193 /* Debug */ = {
			isa = XCBuildConfiguration;
			buildSettings = {
				BUNDLE_LOADER = "$(TEST_HOST)";
				FRAMEWORK_SEARCH_PATHS = (
					"$(SDKROOT)/Developer/Library/Frameworks",
					"$(inherited)",
				);
				GCC_PREPROCESSOR_DEFINITIONS = (
					"DEBUG=1",
					"$(inherited)",
				);
				INFOPLIST_FILE = CProgressViewTests/Info.plist;
				LD_RUNPATH_SEARCH_PATHS = "$(inherited) @executable_path/Frameworks @loader_path/Frameworks";
				PRODUCT_NAME = "$(TARGET_NAME)";
				TEST_HOST = "$(BUILT_PRODUCTS_DIR)/CProgressView.app/CProgressView";
			};
			name = Debug;
		};
		037C6EA31AE684B200BE4193 /* Release */ = {
			isa = XCBuildConfiguration;
			buildSettings = {
				BUNDLE_LOADER = "$(TEST_HOST)";
				FRAMEWORK_SEARCH_PATHS = (
					"$(SDKROOT)/Developer/Library/Frameworks",
					"$(inherited)",
				);
				INFOPLIST_FILE = CProgressViewTests/Info.plist;
				LD_RUNPATH_SEARCH_PATHS = "$(inherited) @executable_path/Frameworks @loader_path/Frameworks";
				PRODUCT_NAME = "$(TARGET_NAME)";
				TEST_HOST = "$(BUILT_PRODUCTS_DIR)/CProgressView.app/CProgressView";
			};
			name = Release;
		};
/* End XCBuildConfiguration section */

/* Begin XCConfigurationList section */
		037C6E7A1AE684B200BE4193 /* Build configuration list for PBXProject "CProgressView" */ = {
			isa = XCConfigurationList;
			buildConfigurations = (
				037C6E9C1AE684B200BE4193 /* Debug */,
				037C6E9D1AE684B200BE4193 /* Release */,
			);
			defaultConfigurationIsVisible = 0;
			defaultConfigurationName = Release;
		};
		037C6E9E1AE684B200BE4193 /* Build configuration list for PBXNativeTarget "CProgressView" */ = {
			isa = XCConfigurationList;
			buildConfigurations = (
				037C6E9F1AE684B200BE4193 /* Debug */,
				037C6EA01AE684B200BE4193 /* Release */,
			);
			defaultConfigurationIsVisible = 0;
		};
		037C6EA11AE684B200BE4193 /* Build configuration list for PBXNativeTarget "CProgressViewTests" */ = {
			isa = XCConfigurationList;
			buildConfigurations = (
				037C6EA21AE684B200BE4193 /* Debug */,
				037C6EA31AE684B200BE4193 /* Release */,
			);
			defaultConfigurationIsVisible = 0;
		};
/* End XCConfigurationList section */
	};
	rootObject = 037C6E771AE684B200BE4193 /* Project object */;
}
